
Microsoft Visual Studio Solution File, Format Version 12.00
# Visual Studio Version 17
VisualStudioVersion = 17.12.35707.178 d17.12
MinimumVisualStudioVersion = 10.0.40219.1
Project("{FAE04EC0-301F-11D3-BF4B-00C04F79EFBC}") = "GeometryPainting", "GeometryPainting.csproj", "{0259F18F-2766-471A-8371-5A96C65F7B89}"
EndProject
Project("{FAE04EC0-301F-11D3-BF4B-00C04F79EFBC}") = "GeometryTasks", "..\GeometryTasks\GeometryTasks.csproj", "{56523A0E-1EC9-4302-8F81-AA1A11AF0CE7}"
EndProject
Global
	GlobalSection(SolutionConfigurationPlatforms) = preSolution
		Debug|Any CPU = Debug|Any CPU
		Release|Any CPU = Release|Any CPU
	EndGlobalSection
	GlobalSection(ProjectConfigurationPlatforms) = postSolution
		{0259F18F-2766-471A-8371-5A96C65F7B89}.Debug|Any CPU.ActiveCfg = Debug|Any CPU
		{0259F18F-2766-471A-8371-5A96C65F7B89}.Debug|Any CPU.Build.0 = Debug|Any CPU
		{0259F18F-2766-471A-8371-5A96C65F7B89}.Release|Any CPU.ActiveCfg = Release|Any CPU
		{0259F18F-2766-471A-8371-5A96C65F7B89}.Release|Any CPU.Build.0 = Release|Any CPU
		{56523A0E-1EC9-4302-8F81-AA1A11AF0CE7}.Debug|Any CPU.ActiveCfg = Debug|Any CPU
		{56523A0E-1EC9-4302-8F81-AA1A11AF0CE7}.Debug|Any CPU.Build.0 = Debug|Any CPU
		{56523A0E-1EC9-4302-8F81-AA1A11AF0CE7}.Release|Any CPU.ActiveCfg = Release|Any CPU
		{56523A0E-1EC9-4302-8F81-AA1A11AF0CE7}.Release|Any CPU.Build.0 = Release|Any CPU
	EndGlobalSection
	GlobalSection(SolutionProperties) = preSolution
		HideSolutionNode = FALSE
	EndGlobalSection
EndGlobal
